
Microsoft Visual Studio Solution File, Format Version 12.00
# Visual Studio Version 16
VisualStudioVersion = 16.0.29806.167
MinimumVisualStudioVersion = 10.0.40219.1
Project("{9A19103F-16F7-4668-BE54-9A1E7A4F7556}") = "DDDTacticalPatterns.ValueObjects", "DDDTacticalPatterns.ValueObjects\DDDTacticalPatterns.ValueObjects.csproj", "{83E5146F-B967-4D3C-9E6C-481A5A180D7E}"
EndProject
Project("{9A19103F-16F7-4668-BE54-9A1E7A4F7556}") = "DDDTacticalPatterns.ValueObjects.TestConsole", "DDDTacticalPatterns.ValueObjects.TestConsole\DDDTacticalPatterns.ValueObjects.TestConsole.csproj", "{4A294400-F688-4E3E-A3CD-8F84F278660C}"
EndProject
Project("{9A19103F-16F7-4668-BE54-9A1E7A4F7556}") = "DDDTacticalPatterns.ValueObjects.Store", "DDDTacticalPatterns.ValueObjects.Store\DDDTacticalPatterns.ValueObjects.Store.csproj", "{B61F6358-8781-4C19-B247-1F086617C349}"
EndProject
Project("{9A19103F-16F7-4668-BE54-9A1E7A4F7556}") = "DDDTacticalPatterns.Entities", "DDDTacticalPatterns.Entities\DDDTacticalPatterns.Entities.csproj", "{ED138943-2B2A-404D-8E72-180B532686E0}"
EndProject
Project("{9A19103F-16F7-4668-BE54-9A1E7A4F7556}") = "DDDTacticalPatterns.Entities.ConsoleTest", "DDDTacticalPatterns.Entities.ConsoleTest\DDDTacticalPatterns.Entities.ConsoleTest.csproj", "{AFA370EC-140E-4B61-B037-C6173E0C7AEE}"
EndProject
Project("{FAE04EC0-301F-11D3-BF4B-00C04F79EFBC}") = "DDDTacticalPatterns.Entities.DomainServices", "DDDTacticalPatterns.Entities.DomainServices\DDDTacticalPatterns.Entities.DomainServices.csproj", "{13C9B765-5A6F-4AAC-83EA-5B7D0B563E5B}"
EndProject
Project("{2150E333-8FDC-42A3-9474-1A3956D46DE8}") = "DomainEvents", "DomainEvents", "{E660F3F6-2319-4136-9584-97EDD2843F4F}"
EndProject
Project("{FAE04EC0-301F-11D3-BF4B-00C04F79EFBC}") = "DDDTacticalPatterns.DomainEvents.Frameworks", "DDDTacticalPatterns.DomainEvents.Frameworks\DDDTacticalPatterns.DomainEvents.Frameworks.csproj", "{9ED52556-7A72-46C0-A670-83C7E39353AC}"
EndProject
Project("{FAE04EC0-301F-11D3-BF4B-00C04F79EFBC}") = "DDDTacticalPatterns.DomainEvents.CoreDomain", "DDDTacticalPatterns.DomainEvents.CoreDomain\DDDTacticalPatterns.DomainEvents.CoreDomain.csproj", "{AA694396-7AEA-4FF3-93D7-004F058E88A8}"
EndProject
Project("{FAE04EC0-301F-11D3-BF4B-00C04F79EFBC}") = "DDDTacticalPatterns.DomainEvents.ApplicationService", "DDDTacticalPatterns.DomainEvents.ApplicationService\DDDTacticalPatterns.DomainEvents.ApplicationService.csproj", "{B4C3B154-C296-45D9-8507-FBA30CBB3D10}"
EndProject
Project("{FAE04EC0-301F-11D3-BF4B-00C04F79EFBC}") = "DDDTacticalPatterns.DomainEvents.EndPoint", "DDDTacticalPatterns.DomainEvents.EndPoint\DDDTacticalPatterns.DomainEvents.EndPoint.csproj", "{0AA058CB-5C18-48C7-849B-2AB43C6CCC48}"
EndProject
Global
	GlobalSection(SolutionConfigurationPlatforms) = preSolution
		Debug|Any CPU = Debug|Any CPU
		Release|Any CPU = Release|Any CPU
	EndGlobalSection
	GlobalSection(ProjectConfigurationPlatforms) = postSolution
		{83E5146F-B967-4D3C-9E6C-481A5A180D7E}.Debug|Any CPU.ActiveCfg = Debug|Any CPU
		{83E5146F-B967-4D3C-9E6C-481A5A180D7E}.Debug|Any CPU.Build.0 = Debug|Any CPU
		{83E5146F-B967-4D3C-9E6C-481A5A180D7E}.Release|Any CPU.ActiveCfg = Release|Any CPU
		{83E5146F-B967-4D3C-9E6C-481A5A180D7E}.Release|Any CPU.Build.0 = Release|Any CPU
		{4A294400-F688-4E3E-A3CD-8F84F278660C}.Debug|Any CPU.ActiveCfg = Debug|Any CPU
		{4A294400-F688-4E3E-A3CD-8F84F278660C}.Debug|Any CPU.Build.0 = Debug|Any CPU
		{4A294400-F688-4E3E-A3CD-8F84F278660C}.Release|Any CPU.ActiveCfg = Release|Any CPU
		{4A294400-F688-4E3E-A3CD-8F84F278660C}.Release|Any CPU.Build.0 = Release|Any CPU
		{B61F6358-8781-4C19-B247-1F086617C349}.Debug|Any CPU.ActiveCfg = Debug|Any CPU
		{B61F6358-8781-4C19-B247-1F086617C349}.Debug|Any CPU.Build.0 = Debug|Any CPU
		{B61F6358-8781-4C19-B247-1F086617C349}.Release|Any CPU.ActiveCfg = Release|Any CPU
		{B61F6358-8781-4C19-B247-1F086617C349}.Release|Any CPU.Build.0 = Release|Any CPU
		{ED138943-2B2A-404D-8E72-180B532686E0}.Debug|Any CPU.ActiveCfg = Debug|Any CPU
		{ED138943-2B2A-404D-8E72-180B532686E0}.Debug|Any CPU.Build.0 = Debug|Any CPU
		{ED138943-2B2A-404D-8E72-180B532686E0}.Release|Any CPU.ActiveCfg = Release|Any CPU
		{ED138943-2B2A-404D-8E72-180B532686E0}.Release|Any CPU.Build.0 = Release|Any CPU
		{AFA370EC-140E-4B61-B037-C6173E0C7AEE}.Debug|Any CPU.ActiveCfg = Debug|Any CPU
		{AFA370EC-140E-4B61-B037-C6173E0C7AEE}.Debug|Any CPU.Build.0 = Debug|Any CPU
		{AFA370EC-140E-4B61-B037-C6173E0C7AEE}.Release|Any CPU.ActiveCfg = Release|Any CPU
		{AFA370EC-140E-4B61-B037-C6173E0C7AEE}.Release|Any CPU.Build.0 = Release|Any CPU
		{13C9B765-5A6F-4AAC-83EA-5B7D0B563E5B}.Debug|Any CPU.ActiveCfg = Debug|Any CPU
		{13C9B765-5A6F-4AAC-83EA-5B7D0B563E5B}.Debug|Any CPU.Build.0 = Debug|Any CPU
		{13C9B765-5A6F-4AAC-83EA-5B7D0B563E5B}.Release|Any CPU.ActiveCfg = Release|Any CPU
		{13C9B765-5A6F-4AAC-83EA-5B7D0B563E5B}.Release|Any CPU.Build.0 = Release|Any CPU
		{9ED52556-7A72-46C0-A670-83C7E39353AC}.Debug|Any CPU.ActiveCfg = Debug|Any CPU
		{9ED52556-7A72-46C0-A670-83C7E39353AC}.Debug|Any CPU.Build.0 = Debug|Any CPU
		{9ED52556-7A72-46C0-A670-83C7E39353AC}.Release|Any CPU.ActiveCfg = Release|Any CPU
		{9ED52556-7A72-46C0-A670-83C7E39353AC}.Release|Any CPU.Build.0 = Release|Any CPU
		{AA694396-7AEA-4FF3-93D7-004F058E88A8}.Debug|Any CPU.ActiveCfg = Debug|Any CPU
		{AA694396-7AEA-4FF3-93D7-004F058E88A8}.Debug|Any CPU.Build.0 = Debug|Any CPU
		{AA694396-7AEA-4FF3-93D7-004F058E88A8}.Release|Any CPU.ActiveCfg = Release|Any CPU
		{AA694396-7AEA-4FF3-93D7-004F058E88A8}.Release|Any CPU.Build.0 = Release|Any CPU
		{B4C3B154-C296-45D9-8507-FBA30CBB3D10}.Debug|Any CPU.ActiveCfg = Debug|Any CPU
		{B4C3B154-C296-45D9-8507-FBA30CBB3D10}.Debug|Any CPU.Build.0 = Debug|Any CPU
		{B4C3B154-C296-45D9-8507-FBA30CBB3D10}.Release|Any CPU.ActiveCfg = Release|Any CPU
		{B4C3B154-C296-45D9-8507-FBA30CBB3D10}.Release|Any CPU.Build.0 = Release|Any CPU
		{0AA058CB-5C18-48C7-849B-2AB43C6CCC48}.Debug|Any CPU.ActiveCfg = Debug|Any CPU
		{0AA058CB-5C18-48C7-849B-2AB43C6CCC48}.Debug|Any CPU.Build.0 = Debug|Any CPU
		{0AA058CB-5C18-48C7-849B-2AB43C6CCC48}.Release|Any CPU.ActiveCfg = Release|Any CPU
		{0AA058CB-5C18-48C7-849B-2AB43C6CCC48}.Release|Any CPU.Build.0 = Release|Any CPU
	EndGlobalSection
	GlobalSection(SolutionProperties) = preSolution
		HideSolutionNode = FALSE
	EndGlobalSection
	GlobalSection(NestedProjects) = preSolution
		{9ED52556-7A72-46C0-A670-83C7E39353AC} = {E660F3F6-2319-4136-9584-97EDD2843F4F}
		{AA694396-7AEA-4FF3-93D7-004F058E88A8} = {E660F3F6-2319-4136-9584-97EDD2843F4F}
		{B4C3B154-C296-45D9-8507-FBA30CBB3D10} = {E660F3F6-2319-4136-9584-97EDD2843F4F}
		{0AA058CB-5C18-48C7-849B-2AB43C6CCC48} = {E660F3F6-2319-4136-9584-97EDD2843F4F}
	EndGlobalSection
	GlobalSection(ExtensibilityGlobals) = postSolution
		SolutionGuid = {3DBED3C9-1443-4511-9443-0DEE44DBCCA2}
	EndGlobalSection
EndGlobal
